
Microsoft Visual Studio Solution File, Format Version 12.00
# Visual Studio 15
VisualStudioVersion = 15.0.26730.12
MinimumVisualStudioVersion = 10.0.40219.1
Project("{FAE04EC0-301F-11D3-BF4B-00C04F79EFBC}") = "DataAccessLayer", "DataAccessLayer\DataAccessLayer.csproj", "{31CC468F-8665-43CE-B9C8-EB1B7C5B87DC}"
EndProject
Project("{FAE04EC0-301F-11D3-BF4B-00C04F79EFBC}") = "BusinessLogicLayer", "BusinessLogicLayer\BusinessLogicLayer.csproj", "{C0E8508F-CFE9-4A2F-90B6-757D14CAA327}"
EndProject
Project("{FAE04EC0-301F-11D3-BF4B-00C04F79EFBC}") = "WCFService", "WCFService\WCFService.csproj", "{92FB069C-67D2-4FD9-9724-D62A89246F46}"
EndProject
Project("{FAE04EC0-301F-11D3-BF4B-00C04F79EFBC}") = "UnitTesting", "UnitTesting\UnitTesting.csproj", "{0E4FB579-0231-4171-8162-CD0232DB4327}"
EndProject
Project("{FAE04EC0-301F-11D3-BF4B-00C04F79EFBC}") = "ClientChooseEm", "ClientChooseEm\ClientChooseEm.csproj", "{DA8F0381-2ADF-4874-8F72-3A9E32E6920A}"
	ProjectSection(ProjectDependencies) = postProject
		{92FB069C-67D2-4FD9-9724-D62A89246F46} = {92FB069C-67D2-4FD9-9724-D62A89246F46}
	EndProjectSection
EndProject
Project("{FAE04EC0-301F-11D3-BF4B-00C04F79EFBC}") = "MVC_ChooseEm", "MVC_ChooseEm\MVC_ChooseEm.csproj", "{81FBEC2D-290E-45A6-B36A-FD347A0AC5A1}"
	ProjectSection(ProjectDependencies) = postProject
		{92FB069C-67D2-4FD9-9724-D62A89246F46} = {92FB069C-67D2-4FD9-9724-D62A89246F46}
	EndProjectSection
EndProject
Project("{2150E333-8FDC-42A3-9474-1A3956D46DE8}") = "Clients", "Clients", "{01DF9920-5DF0-4B24-B7B7-72FB969461E7}"
EndProject
Project("{FAE04EC0-301F-11D3-BF4B-00C04F79EFBC}") = "WebClientV2", "WebClientV2\WebClientV2.csproj", "{52796747-9A5A-4BB7-8D7D-5A4B1FFDDB34}"
	ProjectSection(ProjectDependencies) = postProject
		{92FB069C-67D2-4FD9-9724-D62A89246F46} = {92FB069C-67D2-4FD9-9724-D62A89246F46}
	EndProjectSection
EndProject
Project("{FAE04EC0-301F-11D3-BF4B-00C04F79EFBC}") = "WCFServices.Host", "MRHoster\WCFServices.Host.csproj", "{BC03AED3-8A1A-4DEB-A9A7-FC21205009C5}"
EndProject
Global
	GlobalSection(SolutionConfigurationPlatforms) = preSolution
		Debug|Any CPU = Debug|Any CPU
		Debug|ARM = Debug|ARM
		Debug|x64 = Debug|x64
		Debug|x86 = Debug|x86
		Release|Any CPU = Release|Any CPU
		Release|ARM = Release|ARM
		Release|x64 = Release|x64
		Release|x86 = Release|x86
	EndGlobalSection
	GlobalSection(ProjectConfigurationPlatforms) = postSolution
		{31CC468F-8665-43CE-B9C8-EB1B7C5B87DC}.Debug|Any CPU.ActiveCfg = Debug|Any CPU
		{31CC468F-8665-43CE-B9C8-EB1B7C5B87DC}.Debug|Any CPU.Build.0 = Debug|Any CPU
		{31CC468F-8665-43CE-B9C8-EB1B7C5B87DC}.Debug|ARM.ActiveCfg = Debug|Any CPU
		{31CC468F-8665-43CE-B9C8-EB1B7C5B87DC}.Debug|ARM.Build.0 = Debug|Any CPU
		{31CC468F-8665-43CE-B9C8-EB1B7C5B87DC}.Debug|x64.ActiveCfg = Debug|Any CPU
		{31CC468F-8665-43CE-B9C8-EB1B7C5B87DC}.Debug|x64.Build.0 = Debug|Any CPU
		{31CC468F-8665-43CE-B9C8-EB1B7C5B87DC}.Debug|x86.ActiveCfg = Debug|Any CPU
		{31CC468F-8665-43CE-B9C8-EB1B7C5B87DC}.Debug|x86.Build.0 = Debug|Any CPU
		{31CC468F-8665-43CE-B9C8-EB1B7C5B87DC}.Release|Any CPU.ActiveCfg = Release|Any CPU
		{31CC468F-8665-43CE-B9C8-EB1B7C5B87DC}.Release|Any CPU.Build.0 = Release|Any CPU
		{31CC468F-8665-43CE-B9C8-EB1B7C5B87DC}.Release|ARM.ActiveCfg = Release|Any CPU
		{31CC468F-8665-43CE-B9C8-EB1B7C5B87DC}.Release|ARM.Build.0 = Release|Any CPU
		{31CC468F-8665-43CE-B9C8-EB1B7C5B87DC}.Release|x64.ActiveCfg = Release|Any CPU
		{31CC468F-8665-43CE-B9C8-EB1B7C5B87DC}.Release|x64.Build.0 = Release|Any CPU
		{31CC468F-8665-43CE-B9C8-EB1B7C5B87DC}.Release|x86.ActiveCfg = Release|Any CPU
		{31CC468F-8665-43CE-B9C8-EB1B7C5B87DC}.Release|x86.Build.0 = Release|Any CPU
		{C0E8508F-CFE9-4A2F-90B6-757D14CAA327}.Debug|Any CPU.ActiveCfg = Debug|Any CPU
		{C0E8508F-CFE9-4A2F-90B6-757D14CAA327}.Debug|Any CPU.Build.0 = Debug|Any CPU
		{C0E8508F-CFE9-4A2F-90B6-757D14CAA327}.Debug|ARM.ActiveCfg = Debug|Any CPU
		{C0E8508F-CFE9-4A2F-90B6-757D14CAA327}.Debug|ARM.Build.0 = Debug|Any CPU
		{C0E8508F-CFE9-4A2F-90B6-757D14CAA327}.Debug|x64.ActiveCfg = Debug|Any CPU
		{C0E8508F-CFE9-4A2F-90B6-757D14CAA327}.Debug|x64.Build.0 = Debug|Any CPU
		{C0E8508F-CFE9-4A2F-90B6-757D14CAA327}.Debug|x86.ActiveCfg = Debug|Any CPU
		{C0E8508F-CFE9-4A2F-90B6-757D14CAA327}.Debug|x86.Build.0 = Debug|Any CPU
		{C0E8508F-CFE9-4A2F-90B6-757D14CAA327}.Release|Any CPU.ActiveCfg = Release|Any CPU
		{C0E8508F-CFE9-4A2F-90B6-757D14CAA327}.Release|Any CPU.Build.0 = Release|Any CPU
		{C0E8508F-CFE9-4A2F-90B6-757D14CAA327}.Release|ARM.ActiveCfg = Release|Any CPU
		{C0E8508F-CFE9-4A2F-90B6-757D14CAA327}.Release|ARM.Build.0 = Release|Any CPU
		{C0E8508F-CFE9-4A2F-90B6-757D14CAA327}.Release|x64.ActiveCfg = Release|Any CPU
		{C0E8508F-CFE9-4A2F-90B6-757D14CAA327}.Release|x64.Build.0 = Release|Any CPU
		{C0E8508F-CFE9-4A2F-90B6-757D14CAA327}.Release|x86.ActiveCfg = Release|Any CPU
		{C0E8508F-CFE9-4A2F-90B6-757D14CAA327}.Release|x86.Build.0 = Release|Any CPU
		{92FB069C-67D2-4FD9-9724-D62A89246F46}.Debug|Any CPU.ActiveCfg = Debug|Any CPU
		{92FB069C-67D2-4FD9-9724-D62A89246F46}.Debug|Any CPU.Build.0 = Debug|Any CPU
		{92FB069C-67D2-4FD9-9724-D62A89246F46}.Debug|ARM.ActiveCfg = Debug|Any CPU
		{92FB069C-67D2-4FD9-9724-D62A89246F46}.Debug|ARM.Build.0 = Debug|Any CPU
		{92FB069C-67D2-4FD9-9724-D62A89246F46}.Debug|x64.ActiveCfg = Debug|Any CPU
		{92FB069C-67D2-4FD9-9724-D62A89246F46}.Debug|x64.Build.0 = Debug|Any CPU
		{92FB069C-67D2-4FD9-9724-D62A89246F46}.Debug|x86.ActiveCfg = Debug|Any CPU
		{92FB069C-67D2-4FD9-9724-D62A89246F46}.Debug|x86.Build.0 = Debug|Any CPU
		{92FB069C-67D2-4FD9-9724-D62A89246F46}.Release|Any CPU.ActiveCfg = Release|Any CPU
		{92FB069C-67D2-4FD9-9724-D62A89246F46}.Release|Any CPU.Build.0 = Release|Any CPU
		{92FB069C-67D2-4FD9-9724-D62A89246F46}.Release|ARM.ActiveCfg = Release|Any CPU
		{92FB069C-67D2-4FD9-9724-D62A89246F46}.Release|ARM.Build.0 = Release|Any CPU
		{92FB069C-67D2-4FD9-9724-D62A89246F46}.Release|x64.ActiveCfg = Release|Any CPU
		{92FB069C-67D2-4FD9-9724-D62A89246F46}.Release|x64.Build.0 = Release|Any CPU
		{92FB069C-67D2-4FD9-9724-D62A89246F46}.Release|x86.ActiveCfg = Release|Any CPU
		{92FB069C-67D2-4FD9-9724-D62A89246F46}.Release|x86.Build.0 = Release|Any CPU
		{0E4FB579-0231-4171-8162-CD0232DB4327}.Debug|Any CPU.ActiveCfg = Debug|Any CPU
		{0E4FB579-0231-4171-8162-CD0232DB4327}.Debug|Any CPU.Build.0 = Debug|Any CPU
		{0E4FB579-0231-4171-8162-CD0232DB4327}.Debug|ARM.ActiveCfg = Debug|Any CPU
		{0E4FB579-0231-4171-8162-CD0232DB4327}.Debug|ARM.Build.0 = Debug|Any CPU
		{0E4FB579-0231-4171-8162-CD0232DB4327}.Debug|x64.ActiveCfg = Debug|Any CPU
		{0E4FB579-0231-4171-8162-CD0232DB4327}.Debug|x64.Build.0 = Debug|Any CPU
		{0E4FB579-0231-4171-8162-CD0232DB4327}.Debug|x86.ActiveCfg = Debug|Any CPU
		{0E4FB579-0231-4171-8162-CD0232DB4327}.Debug|x86.Build.0 = Debug|Any CPU
		{0E4FB579-0231-4171-8162-CD0232DB4327}.Release|Any CPU.ActiveCfg = Release|Any CPU
		{0E4FB579-0231-4171-8162-CD0232DB4327}.Release|Any CPU.Build.0 = Release|Any CPU
		{0E4FB579-0231-4171-8162-CD0232DB4327}.Release|ARM.ActiveCfg = Release|Any CPU
		{0E4FB579-0231-4171-8162-CD0232DB4327}.Release|ARM.Build.0 = Release|Any CPU
		{0E4FB579-0231-4171-8162-CD0232DB4327}.Release|x64.ActiveCfg = Release|Any CPU
		{0E4FB579-0231-4171-8162-CD0232DB4327}.Release|x64.Build.0 = Release|Any CPU
		{0E4FB579-0231-4171-8162-CD0232DB4327}.Release|x86.ActiveCfg = Release|Any CPU
		{0E4FB579-0231-4171-8162-CD0232DB4327}.Release|x86.Build.0 = Release|Any CPU
		{DA8F0381-2ADF-4874-8F72-3A9E32E6920A}.Debug|Any CPU.ActiveCfg = Debug|Any CPU
		{DA8F0381-2ADF-4874-8F72-3A9E32E6920A}.Debug|Any CPU.Build.0 = Debug|Any CPU
		{DA8F0381-2ADF-4874-8F72-3A9E32E6920A}.Debug|ARM.ActiveCfg = Debug|Any CPU
		{DA8F0381-2ADF-4874-8F72-3A9E32E6920A}.Debug|ARM.Build.0 = Debug|Any CPU
		{DA8F0381-2ADF-4874-8F72-3A9E32E6920A}.Debug|x64.ActiveCfg = Debug|Any CPU
		{DA8F0381-2ADF-4874-8F72-3A9E32E6920A}.Debug|x64.Build.0 = Debug|Any CPU
		{DA8F0381-2ADF-4874-8F72-3A9E32E6920A}.Debug|x86.ActiveCfg = Debug|Any CPU
		{DA8F0381-2ADF-4874-8F72-3A9E32E6920A}.Debug|x86.Build.0 = Debug|Any CPU
		{DA8F0381-2ADF-4874-8F72-3A9E32E6920A}.Release|Any CPU.ActiveCfg = Release|Any CPU
		{DA8F0381-2ADF-4874-8F72-3A9E32E6920A}.Release|Any CPU.Build.0 = Release|Any CPU
		{DA8F0381-2ADF-4874-8F72-3A9E32E6920A}.Release|ARM.ActiveCfg = Release|Any CPU
		{DA8F0381-2ADF-4874-8F72-3A9E32E6920A}.Release|ARM.Build.0 = Release|Any CPU
		{DA8F0381-2ADF-4874-8F72-3A9E32E6920A}.Release|x64.ActiveCfg = Release|Any CPU
		{DA8F0381-2ADF-4874-8F72-3A9E32E6920A}.Release|x64.Build.0 = Release|Any CPU
		{DA8F0381-2ADF-4874-8F72-3A9E32E6920A}.Release|x86.ActiveCfg = Release|Any CPU
		{DA8F0381-2ADF-4874-8F72-3A9E32E6920A}.Release|x86.Build.0 = Release|Any CPU
		{81FBEC2D-290E-45A6-B36A-FD347A0AC5A1}.Debug|Any CPU.ActiveCfg = Debug|Any CPU
		{81FBEC2D-290E-45A6-B36A-FD347A0AC5A1}.Debug|Any CPU.Build.0 = Debug|Any CPU
		{81FBEC2D-290E-45A6-B36A-FD347A0AC5A1}.Debug|ARM.ActiveCfg = Debug|Any CPU
		{81FBEC2D-290E-45A6-B36A-FD347A0AC5A1}.Debug|ARM.Build.0 = Debug|Any CPU
		{81FBEC2D-290E-45A6-B36A-FD347A0AC5A1}.Debug|x64.ActiveCfg = Debug|Any CPU
		{81FBEC2D-290E-45A6-B36A-FD347A0AC5A1}.Debug|x64.Build.0 = Debug|Any CPU
		{81FBEC2D-290E-45A6-B36A-FD347A0AC5A1}.Debug|x86.ActiveCfg = Debug|Any CPU
		{81FBEC2D-290E-45A6-B36A-FD347A0AC5A1}.Debug|x86.Build.0 = Debug|Any CPU
		{81FBEC2D-290E-45A6-B36A-FD347A0AC5A1}.Release|Any CPU.ActiveCfg = Release|Any CPU
		{81FBEC2D-290E-45A6-B36A-FD347A0AC5A1}.Release|Any CPU.Build.0 = Release|Any CPU
		{81FBEC2D-290E-45A6-B36A-FD347A0AC5A1}.Release|ARM.ActiveCfg = Release|Any CPU
		{81FBEC2D-290E-45A6-B36A-FD347A0AC5A1}.Release|ARM.Build.0 = Release|Any CPU
		{81FBEC2D-290E-45A6-B36A-FD347A0AC5A1}.Release|x64.ActiveCfg = Release|Any CPU
		{81FBEC2D-290E-45A6-B36A-FD347A0AC5A1}.Release|x64.Build.0 = Release|Any CPU
		{81FBEC2D-290E-45A6-B36A-FD347A0AC5A1}.Release|x86.ActiveCfg = Release|Any CPU
		{81FBEC2D-290E-45A6-B36A-FD347A0AC5A1}.Release|x86.Build.0 = Release|Any CPU
		{52796747-9A5A-4BB7-8D7D-5A4B1FFDDB34}.Debug|Any CPU.ActiveCfg = Debug|Any CPU
		{52796747-9A5A-4BB7-8D7D-5A4B1FFDDB34}.Debug|Any CPU.Build.0 = Debug|Any CPU
		{52796747-9A5A-4BB7-8D7D-5A4B1FFDDB34}.Debug|ARM.ActiveCfg = Debug|Any CPU
		{52796747-9A5A-4BB7-8D7D-5A4B1FFDDB34}.Debug|ARM.Build.0 = Debug|Any CPU
		{52796747-9A5A-4BB7-8D7D-5A4B1FFDDB34}.Debug|x64.ActiveCfg = Debug|Any CPU
		{52796747-9A5A-4BB7-8D7D-5A4B1FFDDB34}.Debug|x64.Build.0 = Debug|Any CPU
		{52796747-9A5A-4BB7-8D7D-5A4B1FFDDB34}.Debug|x86.ActiveCfg = Debug|Any CPU
		{52796747-9A5A-4BB7-8D7D-5A4B1FFDDB34}.Debug|x86.Build.0 = Debug|Any CPU
		{52796747-9A5A-4BB7-8D7D-5A4B1FFDDB34}.Release|Any CPU.ActiveCfg = Release|Any CPU
		{52796747-9A5A-4BB7-8D7D-5A4B1FFDDB34}.Release|Any CPU.Build.0 = Release|Any CPU
		{52796747-9A5A-4BB7-8D7D-5A4B1FFDDB34}.Release|ARM.ActiveCfg = Release|Any CPU
		{52796747-9A5A-4BB7-8D7D-5A4B1FFDDB34}.Release|ARM.Build.0 = Release|Any CPU
		{52796747-9A5A-4BB7-8D7D-5A4B1FFDDB34}.Release|x64.ActiveCfg = Release|Any CPU
		{52796747-9A5A-4BB7-8D7D-5A4B1FFDDB34}.Release|x64.Build.0 = Release|Any CPU
		{52796747-9A5A-4BB7-8D7D-5A4B1FFDDB34}.Release|x86.ActiveCfg = Release|Any CPU
		{52796747-9A5A-4BB7-8D7D-5A4B1FFDDB34}.Release|x86.Build.0 = Release|Any CPU
		{BC03AED3-8A1A-4DEB-A9A7-FC21205009C5}.Debug|Any CPU.ActiveCfg = Debug|Any CPU
		{BC03AED3-8A1A-4DEB-A9A7-FC21205009C5}.Debug|Any CPU.Build.0 = Debug|Any CPU
		{BC03AED3-8A1A-4DEB-A9A7-FC21205009C5}.Debug|ARM.ActiveCfg = Debug|Any CPU
		{BC03AED3-8A1A-4DEB-A9A7-FC21205009C5}.Debug|ARM.Build.0 = Debug|Any CPU
		{BC03AED3-8A1A-4DEB-A9A7-FC21205009C5}.Debug|x64.ActiveCfg = Debug|Any CPU
		{BC03AED3-8A1A-4DEB-A9A7-FC21205009C5}.Debug|x64.Build.0 = Debug|Any CPU
		{BC03AED3-8A1A-4DEB-A9A7-FC21205009C5}.Debug|x86.ActiveCfg = Debug|Any CPU
		{BC03AED3-8A1A-4DEB-A9A7-FC21205009C5}.Debug|x86.Build.0 = Debug|Any CPU
		{BC03AED3-8A1A-4DEB-A9A7-FC21205009C5}.Release|Any CPU.ActiveCfg = Release|Any CPU
		{BC03AED3-8A1A-4DEB-A9A7-FC21205009C5}.Release|Any CPU.Build.0 = Release|Any CPU
		{BC03AED3-8A1A-4DEB-A9A7-FC21205009C5}.Release|ARM.ActiveCfg = Release|Any CPU
		{BC03AED3-8A1A-4DEB-A9A7-FC21205009C5}.Release|ARM.Build.0 = Release|Any CPU
		{BC03AED3-8A1A-4DEB-A9A7-FC21205009C5}.Release|x64.ActiveCfg = Release|Any CPU
		{BC03AED3-8A1A-4DEB-A9A7-FC21205009C5}.Release|x64.Build.0 = Release|Any CPU
		{BC03AED3-8A1A-4DEB-A9A7-FC21205009C5}.Release|x86.ActiveCfg = Release|Any CPU
		{BC03AED3-8A1A-4DEB-A9A7-FC21205009C5}.Release|x86.Build.0 = Release|Any CPU
	EndGlobalSection
	GlobalSection(SolutionProperties) = preSolution
		HideSolutionNode = FALSE
	EndGlobalSection
	GlobalSection(NestedProjects) = preSolution
		{DA8F0381-2ADF-4874-8F72-3A9E32E6920A} = {01DF9920-5DF0-4B24-B7B7-72FB969461E7}
		{81FBEC2D-290E-45A6-B36A-FD347A0AC5A1} = {01DF9920-5DF0-4B24-B7B7-72FB969461E7}
		{52796747-9A5A-4BB7-8D7D-5A4B1FFDDB34} = {01DF9920-5DF0-4B24-B7B7-72FB969461E7}
	EndGlobalSection
	GlobalSection(ExtensibilityGlobals) = postSolution
		SolutionGuid = {D4142000-357F-4305-84CA-FE2DB08CA8C7}
	EndGlobalSection
EndGlobal
